{
    "name": "cactusmq-react-native",
    "version": "1.0.0",
    "lockfileVersion": 1,
    "requires": true,
    "dependencies": {
        "react-native-event-source": {
            "version": "1.0.1",
            "resolved": "https://registry.npmjs.org/react-native-event-source/-/react-native-event-source-1.0.1.tgz",
            "integrity": "sha512-pDbGSjy2nWaX7ZEDWSL1krcGLm5ctyjlwYmQi7q/8bGtRXio7YJi5OKZjr3T33MAmD3PV/Bs4NH/f7uvojndZw=="
        }
    }
}
